<?xml version="1.0" encoding="utf-8"?>
<Project ToolsVersion="4.0" xmlns="http://schemas.microsoft.com/developer/msbuild/2003">
  <ItemGroup>
    <Filter Include="Source Files">
      <UniqueIdentifier>{4FC737F1-C7A5-4376-A066-2A32D752A2FF}</UniqueIdentifier>
      <Extensions>qml;cpp;c;cc;cxx;def;odl;idl;hpj;bat;asm;asmx</Extensions>
    </Filter>
    <Filter Include="Header Files">
      <UniqueIdentifier>{93995380-89BD-4b04-88EB-625FBE52EBFB}</UniqueIdentifier>
      <Extensions>h;hh;hpp;hxx;hm;inl;inc;xsd</Extensions>
    </Filter>
    <Filter Include="Resource Files">
      <UniqueIdentifier>{67DA6AB6-F800-4c08-8B7A-83BB121AAD01}</UniqueIdentifier>
      <Extensions>qrc;rc;ico;cur;bmp;dlg;rc2;rct;bin;rgs;gif;jpg;jpeg;jpe;resx;tiff;tif;png;wav;mfcribbon-ms</Extensions>
    </Filter>
    <Filter Include="Form Files">
      <UniqueIdentifier>{99349809-55BA-4b9d-BF79-8FDBB0286EB3}</UniqueIdentifier>
      <Extensions>ui</Extensions>
    </Filter>
    <Filter Include="Translation Files">
      <UniqueIdentifier>{639EADAA-A684-42e4-A9AD-28FC9BCB8F7C}</UniqueIdentifier>
      <Extensions>ts</Extensions>
    </Filter>
    <Filter Include="Header Files\CustomWidgets">
      <UniqueIdentifier>{a5df9a6c-3252-4295-a1c2-dbf99fd5bbfb}</UniqueIdentifier>
    </Filter>
    <Filter Include="Source Files\CustomWidgets">
      <UniqueIdentifier>{f0c26130-f1ce-4270-bab3-61bbbcc30fa0}</UniqueIdentifier>
    </Filter>
    <Filter Include="Header Files\ControlledEntities">
      <UniqueIdentifier>{7eea3475-999b-45d1-bcb7-b1f3a7c1e23a}</UniqueIdentifier>
    </Filter>
    <Filter Include="Source Files\ControlledEntities">
      <UniqueIdentifier>{1dbd7448-97da-458e-9046-57c4eb7d21a1}</UniqueIdentifier>
    </Filter>
    <Filter Include="Header Files\USB">
      <UniqueIdentifier>{f2256e29-37ff-470e-8ca9-1b2aab36ce82}</UniqueIdentifier>
    </Filter>
    <Filter Include="Source Files\USB">
      <UniqueIdentifier>{72c0b368-7840-4ffd-9659-3882e60d5ada}</UniqueIdentifier>
    </Filter>
    <Filter Include="Header Files\SaveParam">
      <UniqueIdentifier>{f0e3cc94-3a1e-4a0e-99fe-534e852f4873}</UniqueIdentifier>
    </Filter>
    <Filter Include="Source Files\SaveParam">
      <UniqueIdentifier>{8786de26-f216-4497-a0c9-88a2a3b7efe3}</UniqueIdentifier>
    </Filter>
    <Filter Include="Header Files\Types">
      <UniqueIdentifier>{260c833b-d926-4a48-9af5-85a325c0b36c}</UniqueIdentifier>
    </Filter>
  </ItemGroup>
  <ItemGroup>
    <ClCompile Include="main.cpp">
      <Filter>Source Files</Filter>
    </ClCompile>
    <ClCompile Include="MainWindow.cpp">
      <Filter>Source Files</Filter>
    </ClCompile>
    <ClCompile Include="ControlledEntities\cTimerButton.cpp">
      <Filter>Source Files\ControlledEntities</Filter>
    </ClCompile>
    <ClCompile Include="USB\USBDataReader.cpp">
      <Filter>Source Files\USB</Filter>
    </ClCompile>
    <ClCompile Include="USB\USBDataWriter.cpp">
      <Filter>Source Files\USB</Filter>
    </ClCompile>
    <ClCompile Include="USB\USBProcedure.cpp">
      <Filter>Source Files\USB</Filter>
    </ClCompile>
    <ClCompile Include="SaveParameters\SaveManager.cpp">
      <Filter>Source Files\SaveParam</Filter>
    </ClCompile>
    <ClCompile Include="ControlledEntities\cConditionButton.cpp">
      <Filter>Source Files\ControlledEntities</Filter>
    </ClCompile>
    <ClCompile Include="ControlledEntities\cKeyEmulator.cpp">
      <Filter>Source Files\ControlledEntities</Filter>
    </ClCompile>
    <ClCompile Include="EmulationOrchestrator.cpp">
      <Filter>Source Files</Filter>
    </ClCompile>
    <ClCompile Include="ControlledEntities\cMonitorScreen.cpp">
      <Filter>Source Files</Filter>
    </ClCompile>
  </ItemGroup>
  <ItemGroup>
    <ClInclude Include="main.h">
      <Filter>Header Files</Filter>
    </ClInclude>
    <ClInclude Include="resource.h">
      <Filter>Header Files</Filter>
    </ClInclude>
    <ClInclude Include="Definitions.h">
      <Filter>Header Files</Filter>
    </ClInclude>
    <ClInclude Include="ControlledEntities\cTimerButton.h">
      <Filter>Header Files\ControlledEntities</Filter>
    </ClInclude>
    <ClInclude Include="ControlledEntities\cConditionButton.h">
      <Filter>Header Files\ControlledEntities</Filter>
    </ClInclude>
    <ClInclude Include="ControlledEntities\IKeyEmulator.h">
      <Filter>Header Files\ControlledEntities</Filter>
    </ClInclude>
    <ClInclude Include="ControlledEntities\cKeyEmulator.h">
      <Filter>Header Files\ControlledEntities</Filter>
    </ClInclude>
    <ClInclude Include="ControlledEntities\IMonitorScreen.h">
      <Filter>Header Files\ControlledEntities</Filter>
    </ClInclude>
    <ClInclude Include="ControlledEntities\cMonitorScreen.h">
      <Filter>Header Files\ControlledEntities</Filter>
    </ClInclude>
    <ClInclude Include="Types\ButtonFConditionTypes.h">
      <Filter>Header Files\Types</Filter>
    </ClInclude>
    <ClInclude Include="Types\ButtonFTimerTypes.h">
      <Filter>Header Files\Types</Filter>
    </ClInclude>
  </ItemGroup>
  <ItemGroup>
    <QtMoc Include="MainWindow.h">
      <Filter>Header Files</Filter>
    </QtMoc>
    <QtMoc Include="CustomWidgets\ListButtonComboBox.h">
      <Filter>Header Files\CustomWidgets</Filter>
    </QtMoc>
    <QtMoc Include="CustomWidgets\ListWindowComboBox.h">
      <Filter>Header Files\CustomWidgets</Filter>
    </QtMoc>
    <QtMoc Include="CustomWidgets\ConditionalComboBox.h">
      <Filter>Header Files\CustomWidgets</Filter>
    </QtMoc>
    <QtMoc Include="USB\USBDataWriter.h">
      <Filter>Header Files\USB</Filter>
    </QtMoc>
    <QtMoc Include="USB\USBProcedure.h">
      <Filter>Header Files\USB</Filter>
    </QtMoc>
    <QtMoc Include="USB\USBDataReader.h">
      <Filter>Header Files\USB</Filter>
    </QtMoc>
    <QtMoc Include="SaveParameters\SaveManager.h">
      <Filter>Header Files\SaveParam</Filter>
    </QtMoc>
    <QtMoc Include="EmulationOrchestrator.h">
      <Filter>Header Files</Filter>
    </QtMoc>
  </ItemGroup>
  <ItemGroup>
    <QtRcc Include="resources.qrc">
      <Filter>Resource Files</Filter>
    </QtRcc>
  </ItemGroup>
</Project>